
Microsoft Visual Studio Solution File, Format Version 12.00
# Visual Studio Version 17
VisualStudioVersion = 17.12.35707.178
MinimumVisualStudioVersion = 10.0.40219.1
Project("{FAE04EC0-301F-11D3-BF4B-00C04F79EFBC}") = "CLR LIB", "CLR LIB.csproj", "{8892A046-539D-4CCA-8ED7-272AC32A848D}"
EndProject
Global
	GlobalSection(SolutionConfigurationPlatforms) = preSolution
		Debug|Any CPU = Debug|Any CPU
		Release|Any CPU = Release|Any CPU
	EndGlobalSection
	GlobalSection(ProjectConfigurationPlatforms) = postSolution
		{8892A046-539D-4CCA-8ED7-272AC32A848D}.Debug|Any CPU.ActiveCfg = Debug|Any CPU
		{8892A046-539D-4CCA-8ED7-272AC32A848D}.Debug|Any CPU.Build.0 = Debug|Any CPU
		{8892A046-539D-4CCA-8ED7-272AC32A848D}.Release|Any CPU.ActiveCfg = Release|Any CPU
		{8892A046-539D-4CCA-8ED7-272AC32A848D}.Release|Any CPU.Build.0 = Release|Any CPU
	EndGlobalSection
	GlobalSection(SolutionProperties) = preSolution
		HideSolutionNode = FALSE
	EndGlobalSection
EndGlobal
